
Microsoft Visual Studio Solution File, Format Version 12.00
# Visual Studio Version 16
VisualStudioVersion = 16.0.32228.343
MinimumVisualStudioVersion = 10.0.40219.1
Project("{FAE04EC0-301F-11D3-BF4B-00C04F79EFBC}") = "FirefoxShortcutPanel", "FirefoxShortcutPanel.csproj", "{A639D3D5-8855-41F8-BEB8-20E58E423CCA}"
EndProject
Global
	GlobalSection(SolutionConfigurationPlatforms) = preSolution
		Debug|Any CPU = Debug|Any CPU
		Release|Any CPU = Release|Any CPU
	EndGlobalSection
	GlobalSection(ProjectConfigurationPlatforms) = postSolution
		{A639D3D5-8855-41F8-BEB8-20E58E423CCA}.Debug|Any CPU.ActiveCfg = Debug|Any CPU
		{A639D3D5-8855-41F8-BEB8-20E58E423CCA}.Debug|Any CPU.Build.0 = Debug|Any CPU
		{A639D3D5-8855-41F8-BEB8-20E58E423CCA}.Release|Any CPU.ActiveCfg = Release|Any CPU
		{A639D3D5-8855-41F8-BEB8-20E58E423CCA}.Release|Any CPU.Build.0 = Release|Any CPU
	EndGlobalSection
	GlobalSection(SolutionProperties) = preSolution
		HideSolutionNode = FALSE
	EndGlobalSection
	GlobalSection(ExtensibilityGlobals) = postSolution
		SolutionGuid = {60416A03-8231-4B1F-8770-0B947AD4B109}
	EndGlobalSection
EndGlobal
